{
  "version": 4,
  "terraform_version": "1.2.6",
  "serial": 33,
  "lineage": "a0706d78-77cc-d71c-4816-4a3d3879e684",
  "outputs": {},
  "resources": [
    {
      "module": "module.my-buck[\"b1\"]",
      "mode": "managed",
      "type": "aws_s3_bucket",
      "name": "b",
      "provider": "provider[\"registry.terraform.io/hashicorp/aws\"]",
      "instances": [
        {
          "schema_version": 0,
          "attributes": {
            "acceleration_status": "",
            "acl": null,
            "arn": "arn:aws:s3:::z-buck-1-loop1",
            "bucket": "z-buck-1-loop1",
            "bucket_domain_name": "z-buck-1-loop1.s3.amazonaws.com",
            "bucket_prefix": null,
            "bucket_regional_domain_name": "z-buck-1-loop1.s3.amazonaws.com",
            "cors_rule": [],
            "force_destroy": false,
            "grant": [
              {
                "id": "313c4424e10ce44c5cdad78bd0926f3518a1b1d417e5c5bda771bd7322cdfff8",
                "permissions": [
                  "FULL_CONTROL"
                ],
                "type": "CanonicalUser",
                "uri": ""
              }
            ],
            "hosted_zone_id": "Z3AQBSTGFYJSTF",
            "id": "z-buck-1-loop1",
            "lifecycle_rule": [],
            "logging": [],
            "object_lock_configuration": [],
            "object_lock_enabled": false,
            "policy": "",
            "region": "us-east-1",
            "replication_configuration": [],
            "request_payer": "BucketOwner",
            "server_side_encryption_configuration": [],
            "tags": {
              "Environment": "Dev",
              "Name": "My bucket"
            },
            "tags_all": {
              "Environment": "Dev",
              "Name": "My bucket"
            },
            "timeouts": null,
            "versioning": [
              {
                "enabled": false,
                "mfa_delete": false
              }
            ],
            "website": [],
            "website_domain": null,
            "website_endpoint": null
          },
          "sensitive_attributes": [],
          "private": "eyJlMmJmYjczMC1lY2FhLTExZTYtOGY4OC0zNDM2M2JjN2M0YzAiOnsiY3JlYXRlIjoxMjAwMDAwMDAwMDAwLCJkZWxldGUiOjM2MDAwMDAwMDAwMDAsInJlYWQiOjEyMDAwMDAwMDAwMDAsInVwZGF0ZSI6MTIwMDAwMDAwMDAwMH19"
        }
      ]
    },
    {
      "module": "module.my-buck[\"b2\"]",
      "mode": "managed",
      "type": "aws_s3_bucket",
      "name": "b",
      "provider": "provider[\"registry.terraform.io/hashicorp/aws\"]",
      "instances": [
        {
          "schema_version": 0,
          "attributes": {
            "acceleration_status": "",
            "acl": null,
            "arn": "arn:aws:s3:::z-buck-2-loop1",
            "bucket": "z-buck-2-loop1",
            "bucket_domain_name": "z-buck-2-loop1.s3.amazonaws.com",
            "bucket_prefix": null,
            "bucket_regional_domain_name": "z-buck-2-loop1.s3.amazonaws.com",
            "cors_rule": [],
            "force_destroy": false,
            "grant": [
              {
                "id": "313c4424e10ce44c5cdad78bd0926f3518a1b1d417e5c5bda771bd7322cdfff8",
                "permissions": [
                  "FULL_CONTROL"
                ],
                "type": "CanonicalUser",
                "uri": ""
              }
            ],
            "hosted_zone_id": "Z3AQBSTGFYJSTF",
            "id": "z-buck-2-loop1",
            "lifecycle_rule": [],
            "logging": [],
            "object_lock_configuration": [],
            "object_lock_enabled": false,
            "policy": "",
            "region": "us-east-1",
            "replication_configuration": [],
            "request_payer": "BucketOwner",
            "server_side_encryption_configuration": [],
            "tags": {
              "Environment": "Dev",
              "Name": "My bucket"
            },
            "tags_all": {
              "Environment": "Dev",
              "Name": "My bucket"
            },
            "timeouts": null,
            "versioning": [
              {
                "enabled": false,
                "mfa_delete": false
              }
            ],
            "website": [],
            "website_domain": null,
            "website_endpoint": null
          },
          "sensitive_attributes": [],
          "private": "eyJlMmJmYjczMC1lY2FhLTExZTYtOGY4OC0zNDM2M2JjN2M0YzAiOnsiY3JlYXRlIjoxMjAwMDAwMDAwMDAwLCJkZWxldGUiOjM2MDAwMDAwMDAwMDAsInJlYWQiOjEyMDAwMDAwMDAwMDAsInVwZGF0ZSI6MTIwMDAwMDAwMDAwMH19"
        }
      ]
    },
    {
      "module": "module.my-buck[\"b3\"]",
      "mode": "managed",
      "type": "aws_s3_bucket",
      "name": "b",
      "provider": "provider[\"registry.terraform.io/hashicorp/aws\"]",
      "instances": [
        {
          "schema_version": 0,
          "attributes": {
            "acceleration_status": "",
            "acl": null,
            "arn": "arn:aws:s3:::z-buck-3-loop1",
            "bucket": "z-buck-3-loop1",
            "bucket_domain_name": "z-buck-3-loop1.s3.amazonaws.com",
            "bucket_prefix": null,
            "bucket_regional_domain_name": "z-buck-3-loop1.s3.amazonaws.com",
            "cors_rule": [],
            "force_destroy": false,
            "grant": [
              {
                "id": "313c4424e10ce44c5cdad78bd0926f3518a1b1d417e5c5bda771bd7322cdfff8",
                "permissions": [
                  "FULL_CONTROL"
                ],
                "type": "CanonicalUser",
                "uri": ""
              }
            ],
            "hosted_zone_id": "Z3AQBSTGFYJSTF",
            "id": "z-buck-3-loop1",
            "lifecycle_rule": [],
            "logging": [],
            "object_lock_configuration": [],
            "object_lock_enabled": false,
            "policy": "",
            "region": "us-east-1",
            "replication_configuration": [],
            "request_payer": "BucketOwner",
            "server_side_encryption_configuration": [],
            "tags": {
              "Environment": "Dev",
              "Name": "My bucket"
            },
            "tags_all": {
              "Environment": "Dev",
              "Name": "My bucket"
            },
            "timeouts": null,
            "versioning": [
              {
                "enabled": false,
                "mfa_delete": false
              }
            ],
            "website": [],
            "website_domain": null,
            "website_endpoint": null
          },
          "sensitive_attributes": [],
          "private": "eyJlMmJmYjczMC1lY2FhLTExZTYtOGY4OC0zNDM2M2JjN2M0YzAiOnsiY3JlYXRlIjoxMjAwMDAwMDAwMDAwLCJkZWxldGUiOjM2MDAwMDAwMDAwMDAsInJlYWQiOjEyMDAwMDAwMDAwMDAsInVwZGF0ZSI6MTIwMDAwMDAwMDAwMH19"
        }
      ]
    },
    {
      "module": "module.my-buck[\"b4\"]",
      "mode": "managed",
      "type": "aws_s3_bucket",
      "name": "b",
      "provider": "provider[\"registry.terraform.io/hashicorp/aws\"]",
      "instances": [
        {
          "schema_version": 0,
          "attributes": {
            "acceleration_status": "",
            "acl": null,
            "arn": "arn:aws:s3:::z-buck-4-loop1",
            "bucket": "z-buck-4-loop1",
            "bucket_domain_name": "z-buck-4-loop1.s3.amazonaws.com",
            "bucket_prefix": null,
            "bucket_regional_domain_name": "z-buck-4-loop1.s3.amazonaws.com",
            "cors_rule": [],
            "force_destroy": false,
            "grant": [
              {
                "id": "313c4424e10ce44c5cdad78bd0926f3518a1b1d417e5c5bda771bd7322cdfff8",
                "permissions": [
                  "FULL_CONTROL"
                ],
                "type": "CanonicalUser",
                "uri": ""
              }
            ],
            "hosted_zone_id": "Z3AQBSTGFYJSTF",
            "id": "z-buck-4-loop1",
            "lifecycle_rule": [],
            "logging": [],
            "object_lock_configuration": [],
            "object_lock_enabled": false,
            "policy": "",
            "region": "us-east-1",
            "replication_configuration": [],
            "request_payer": "BucketOwner",
            "server_side_encryption_configuration": [],
            "tags": {
              "Environment": "Dev",
              "Name": "My bucket"
            },
            "tags_all": {
              "Environment": "Dev",
              "Name": "My bucket"
            },
            "timeouts": null,
            "versioning": [
              {
                "enabled": false,
                "mfa_delete": false
              }
            ],
            "website": [],
            "website_domain": null,
            "website_endpoint": null
          },
          "sensitive_attributes": [],
          "private": "eyJlMmJmYjczMC1lY2FhLTExZTYtOGY4OC0zNDM2M2JjN2M0YzAiOnsiY3JlYXRlIjoxMjAwMDAwMDAwMDAwLCJkZWxldGUiOjM2MDAwMDAwMDAwMDAsInJlYWQiOjEyMDAwMDAwMDAwMDAsInVwZGF0ZSI6MTIwMDAwMDAwMDAwMH19"
        }
      ]
    },
    {
      "module": "module.user",
      "mode": "managed",
      "type": "aws_iam_group",
      "name": "group",
      "provider": "provider[\"registry.terraform.io/hashicorp/aws\"]",
      "instances": [
        {
          "schema_version": 0,
          "attributes": {
            "arn": "arn:aws:iam::528519205020:group/users/Star-wars1",
            "id": "Star-wars1",
            "name": "Star-wars1",
            "path": "/users/",
            "unique_id": "AGPAXWDRTCCOFBCINW47K"
          },
          "sensitive_attributes": [],
          "private": "bnVsbA=="
        }
      ]
    },
    {
      "module": "module.user",
      "mode": "managed",
      "type": "aws_iam_group_membership",
      "name": "team",
      "provider": "provider[\"registry.terraform.io/hashicorp/aws\"]",
      "instances": [
        {
          "schema_version": 0,
          "attributes": {
            "group": "Star-wars1",
            "id": "tf-testing-group-membership",
            "name": "tf-testing-group-membership",
            "users": [
              "Hanuman44",
              "Lakshman123",
              "Ram55",
              "Ravan88",
              "seeta22"
            ]
          },
          "sensitive_attributes": [],
          "private": "bnVsbA==",
          "dependencies": [
            "module.user.aws_iam_group.group",
            "module.user.aws_iam_user.user_two2"
          ]
        }
      ]
    },
    {
      "module": "module.user",
      "mode": "managed",
      "type": "aws_iam_user",
      "name": "user_two2",
      "provider": "provider[\"registry.terraform.io/hashicorp/aws\"]",
      "instances": [
        {
          "index_key": 0,
          "schema_version": 0,
          "attributes": {
            "arn": "arn:aws:iam::528519205020:user/system/seeta22",
            "force_destroy": false,
            "id": "seeta22",
            "name": "seeta22",
            "path": "/system/",
            "permissions_boundary": null,
            "tags": {},
            "tags_all": {},
            "unique_id": "AIDAXWDRTCCOOHKHXJL5X"
          },
          "sensitive_attributes": [],
          "private": "bnVsbA=="
        },
        {
          "index_key": 1,
          "schema_version": 0,
          "attributes": {
            "arn": "arn:aws:iam::528519205020:user/system/Ram55",
            "force_destroy": false,
            "id": "Ram55",
            "name": "Ram55",
            "path": "/system/",
            "permissions_boundary": null,
            "tags": {},
            "tags_all": {},
            "unique_id": "AIDAXWDRTCCOA5IRLBMLE"
          },
          "sensitive_attributes": [],
          "private": "bnVsbA=="
        },
        {
          "index_key": 2,
          "schema_version": 0,
          "attributes": {
            "arn": "arn:aws:iam::528519205020:user/system/Lakshman123",
            "force_destroy": false,
            "id": "Lakshman123",
            "name": "Lakshman123",
            "path": "/system/",
            "permissions_boundary": null,
            "tags": {},
            "tags_all": {},
            "unique_id": "AIDAXWDRTCCOKUEFYLU3L"
          },
          "sensitive_attributes": [],
          "private": "bnVsbA=="
        },
        {
          "index_key": 3,
          "schema_version": 0,
          "attributes": {
            "arn": "arn:aws:iam::528519205020:user/system/Hanuman44",
            "force_destroy": false,
            "id": "Hanuman44",
            "name": "Hanuman44",
            "path": "/system/",
            "permissions_boundary": null,
            "tags": {},
            "tags_all": {},
            "unique_id": "AIDAXWDRTCCOLQZQHFENZ"
          },
          "sensitive_attributes": [],
          "private": "bnVsbA=="
        },
        {
          "index_key": 4,
          "schema_version": 0,
          "attributes": {
            "arn": "arn:aws:iam::528519205020:user/system/Ravan88",
            "force_destroy": false,
            "id": "Ravan88",
            "name": "Ravan88",
            "path": "/system/",
            "permissions_boundary": null,
            "tags": {},
            "tags_all": {},
            "unique_id": "AIDAXWDRTCCOJ4ITKUVWE"
          },
          "sensitive_attributes": [],
          "private": "bnVsbA=="
        }
      ]
    }
  ]
}
